
Microsoft Visual Studio Solution File, Format Version 12.00
# Visual Studio Version 17
VisualStudioVersion = 17.2.32602.215
MinimumVisualStudioVersion = 10.0.40219.1
Project("{FAE04EC0-301F-11D3-BF4B-00C04F79EFBC}") = "CurrencyManagementSystem(Lesson4)", "CurrencyManagementSystem(Lesson4)\CurrencyManagementSystem(Lesson4).csproj", "{726698D3-E2FE-4498-B881-5946801D9C9C}"
EndProject
Global
	GlobalSection(SolutionConfigurationPlatforms) = preSolution
		Debug|Any CPU = Debug|Any CPU
		Release|Any CPU = Release|Any CPU
	EndGlobalSection
	GlobalSection(ProjectConfigurationPlatforms) = postSolution
		{726698D3-E2FE-4498-B881-5946801D9C9C}.Debug|Any CPU.ActiveCfg = Debug|Any CPU
		{726698D3-E2FE-4498-B881-5946801D9C9C}.Debug|Any CPU.Build.0 = Debug|Any CPU
		{726698D3-E2FE-4498-B881-5946801D9C9C}.Release|Any CPU.ActiveCfg = Release|Any CPU
		{726698D3-E2FE-4498-B881-5946801D9C9C}.Release|Any CPU.Build.0 = Release|Any CPU
	EndGlobalSection
	GlobalSection(SolutionProperties) = preSolution
		HideSolutionNode = FALSE
	EndGlobalSection
	GlobalSection(ExtensibilityGlobals) = postSolution
		SolutionGuid = {B7FFE36C-EC34-4B20-8042-5CC9306AE594}
	EndGlobalSection
EndGlobal
